
Microsoft Visual Studio Solution File, Format Version 12.00
# Visual Studio 15
VisualStudioVersion = 15.0.28307.438
MinimumVisualStudioVersion = 10.0.40219.1
Project("{FAE04EC0-301F-11D3-BF4B-00C04F79EFBC}") = "test_cs", "test_cs\test_cs.csproj", "{E5B4AD2C-7EA5-4400-9B4E-9DA81052F7C4}"
EndProject
Global
	GlobalSection(SolutionConfigurationPlatforms) = preSolution
		Debug|Any CPU = Debug|Any CPU
		Release|Any CPU = Release|Any CPU
	EndGlobalSection
	GlobalSection(ProjectConfigurationPlatforms) = postSolution
		{E5B4AD2C-7EA5-4400-9B4E-9DA81052F7C4}.Debug|Any CPU.ActiveCfg = Debug|Any CPU
		{E5B4AD2C-7EA5-4400-9B4E-9DA81052F7C4}.Debug|Any CPU.Build.0 = Debug|Any CPU
		{E5B4AD2C-7EA5-4400-9B4E-9DA81052F7C4}.Release|Any CPU.ActiveCfg = Release|Any CPU
		{E5B4AD2C-7EA5-4400-9B4E-9DA81052F7C4}.Release|Any CPU.Build.0 = Release|Any CPU
	EndGlobalSection
	GlobalSection(SolutionProperties) = preSolution
		HideSolutionNode = FALSE
	EndGlobalSection
	GlobalSection(ExtensibilityGlobals) = postSolution
		SolutionGuid = {E6F929C9-0973-420F-8B7E-B9E9C68726E9}
	EndGlobalSection
EndGlobal
